
Microsoft Visual Studio Solution File, Format Version 12.00
# Visual Studio Version 17
VisualStudioVersion = 17.4.33213.308
MinimumVisualStudioVersion = 10.0.40219.1
Project("{9A19103F-16F7-4668-BE54-9A1E7A4F7556}") = "ExemploFundamentos", "ExemploFundamentos\ExemploFundamentos.csproj", "{97512417-F9D8-455A-BD78-637DE78BBCCD}"
EndProject
Project("{9A19103F-16F7-4668-BE54-9A1E7A4F7556}") = "ExemploFundamentos.Common", "ExemploFundamentos.Common\ExemploFundamentos.Common.csproj", "{80667B56-B864-4C90-8FEB-21E32C3FB957}"
EndProject
Global
	GlobalSection(SolutionConfigurationPlatforms) = preSolution
		Debug|Any CPU = Debug|Any CPU
		Release|Any CPU = Release|Any CPU
	EndGlobalSection
	GlobalSection(ProjectConfigurationPlatforms) = postSolution
		{97512417-F9D8-455A-BD78-637DE78BBCCD}.Debug|Any CPU.ActiveCfg = Debug|Any CPU
		{97512417-F9D8-455A-BD78-637DE78BBCCD}.Debug|Any CPU.Build.0 = Debug|Any CPU
		{97512417-F9D8-455A-BD78-637DE78BBCCD}.Release|Any CPU.ActiveCfg = Release|Any CPU
		{97512417-F9D8-455A-BD78-637DE78BBCCD}.Release|Any CPU.Build.0 = Release|Any CPU
		{80667B56-B864-4C90-8FEB-21E32C3FB957}.Debug|Any CPU.ActiveCfg = Debug|Any CPU
		{80667B56-B864-4C90-8FEB-21E32C3FB957}.Debug|Any CPU.Build.0 = Debug|Any CPU
		{80667B56-B864-4C90-8FEB-21E32C3FB957}.Release|Any CPU.ActiveCfg = Release|Any CPU
		{80667B56-B864-4C90-8FEB-21E32C3FB957}.Release|Any CPU.Build.0 = Release|Any CPU
	EndGlobalSection
	GlobalSection(SolutionProperties) = preSolution
		HideSolutionNode = FALSE
	EndGlobalSection
	GlobalSection(ExtensibilityGlobals) = postSolution
		SolutionGuid = {DECE2F22-313A-45EA-B0EA-09D20E3BAAB9}
	EndGlobalSection
EndGlobal
