
Microsoft Visual Studio Solution File, Format Version 12.00
# Visual Studio Version 17
VisualStudioVersion = 17.4.33213.308
MinimumVisualStudioVersion = 10.0.40219.1
Project("{FAE04EC0-301F-11D3-BF4B-00C04F79EFBC}") = "ExemploFundamentos", "ExemploFundamentos.csproj", "{40D4B092-3D29-4898-A1FF-C94A79AB18AB}"
EndProject
Global
	GlobalSection(SolutionConfigurationPlatforms) = preSolution
		Debug|Any CPU = Debug|Any CPU
		Release|Any CPU = Release|Any CPU
	EndGlobalSection
	GlobalSection(ProjectConfigurationPlatforms) = postSolution
		{40D4B092-3D29-4898-A1FF-C94A79AB18AB}.Debug|Any CPU.ActiveCfg = Debug|Any CPU
		{40D4B092-3D29-4898-A1FF-C94A79AB18AB}.Debug|Any CPU.Build.0 = Debug|Any CPU
		{40D4B092-3D29-4898-A1FF-C94A79AB18AB}.Release|Any CPU.ActiveCfg = Release|Any CPU
		{40D4B092-3D29-4898-A1FF-C94A79AB18AB}.Release|Any CPU.Build.0 = Release|Any CPU
	EndGlobalSection
	GlobalSection(SolutionProperties) = preSolution
		HideSolutionNode = FALSE
	EndGlobalSection
	GlobalSection(ExtensibilityGlobals) = postSolution
		SolutionGuid = {DECE2F22-313A-45EA-B0EA-09D20E3BAAB9}
	EndGlobalSection
EndGlobal
