
Microsoft Visual Studio Solution File, Format Version 12.00
# Visual Studio Version 17
VisualStudioVersion = 17.5.33414.496
MinimumVisualStudioVersion = 10.0.40219.1
Project("{FAE04EC0-301F-11D3-BF4B-00C04F79EFBC}") = "props-metodos-e-construtores", "props-metodos-e-construtores.csproj", "{20FCB110-2350-46D9-A57B-203982AA510E}"
EndProject
Global
	GlobalSection(SolutionConfigurationPlatforms) = preSolution
		Debug|Any CPU = Debug|Any CPU
		Release|Any CPU = Release|Any CPU
	EndGlobalSection
	GlobalSection(ProjectConfigurationPlatforms) = postSolution
		{20FCB110-2350-46D9-A57B-203982AA510E}.Debug|Any CPU.ActiveCfg = Debug|Any CPU
		{20FCB110-2350-46D9-A57B-203982AA510E}.Debug|Any CPU.Build.0 = Debug|Any CPU
		{20FCB110-2350-46D9-A57B-203982AA510E}.Release|Any CPU.ActiveCfg = Release|Any CPU
		{20FCB110-2350-46D9-A57B-203982AA510E}.Release|Any CPU.Build.0 = Release|Any CPU
	EndGlobalSection
	GlobalSection(SolutionProperties) = preSolution
		HideSolutionNode = FALSE
	EndGlobalSection
	GlobalSection(ExtensibilityGlobals) = postSolution
		SolutionGuid = {B8A3903F-991A-4F19-BDFE-938732757D73}
	EndGlobalSection
EndGlobal
